
Microsoft Visual Studio Solution File, Format Version 12.00
# Visual Studio Version 17
VisualStudioVersion = 17.7.34024.191
MinimumVisualStudioVersion = 10.0.40219.1
Project("{FAE04EC0-301F-11D3-BF4B-00C04F79EFBC}") = "Labwork3", "Labwork3.csproj", "{6072A94E-0225-4EF4-9A7D-FD2142E29934}"
EndProject
Global
	GlobalSection(SolutionConfigurationPlatforms) = preSolution
		Debug|Any CPU = Debug|Any CPU
		Release|Any CPU = Release|Any CPU
	EndGlobalSection
	GlobalSection(ProjectConfigurationPlatforms) = postSolution
		{6072A94E-0225-4EF4-9A7D-FD2142E29934}.Debug|Any CPU.ActiveCfg = Debug|Any CPU
		{6072A94E-0225-4EF4-9A7D-FD2142E29934}.Debug|Any CPU.Build.0 = Debug|Any CPU
		{6072A94E-0225-4EF4-9A7D-FD2142E29934}.Release|Any CPU.ActiveCfg = Release|Any CPU
		{6072A94E-0225-4EF4-9A7D-FD2142E29934}.Release|Any CPU.Build.0 = Release|Any CPU
	EndGlobalSection
	GlobalSection(SolutionProperties) = preSolution
		HideSolutionNode = FALSE
	EndGlobalSection
	GlobalSection(ExtensibilityGlobals) = postSolution
		SolutionGuid = {856DBBE6-3B7D-4130-9D58-7B9BC1186FC2}
	EndGlobalSection
EndGlobal
